
Microsoft Visual Studio Solution File, Format Version 12.00
# Visual Studio Version 16
VisualStudioVersion = 16.0.31727.386
MinimumVisualStudioVersion = 10.0.40219.1
Project("{8BC9CEB8-8B4A-11D0-8D11-00A0C91BC942}") = "JogoForca", "JogoForca\JogoForca.vcxproj", "{4F663D43-5F3A-4261-8E56-15FD12F053DA}"
EndProject
Global
	GlobalSection(SolutionConfigurationPlatforms) = preSolution
		Debug|x64 = Debug|x64
		Debug|x86 = Debug|x86
		Release|x64 = Release|x64
		Release|x86 = Release|x86
	EndGlobalSection
	GlobalSection(ProjectConfigurationPlatforms) = postSolution
		{4F663D43-5F3A-4261-8E56-15FD12F053DA}.Debug|x64.ActiveCfg = Debug|x64
		{4F663D43-5F3A-4261-8E56-15FD12F053DA}.Debug|x64.Build.0 = Debug|x64
		{4F663D43-5F3A-4261-8E56-15FD12F053DA}.Debug|x86.ActiveCfg = Debug|Win32
		{4F663D43-5F3A-4261-8E56-15FD12F053DA}.Debug|x86.Build.0 = Debug|Win32
		{4F663D43-5F3A-4261-8E56-15FD12F053DA}.Release|x64.ActiveCfg = Release|x64
		{4F663D43-5F3A-4261-8E56-15FD12F053DA}.Release|x64.Build.0 = Release|x64
		{4F663D43-5F3A-4261-8E56-15FD12F053DA}.Release|x86.ActiveCfg = Release|Win32
		{4F663D43-5F3A-4261-8E56-15FD12F053DA}.Release|x86.Build.0 = Release|Win32
	EndGlobalSection
	GlobalSection(SolutionProperties) = preSolution
		HideSolutionNode = FALSE
	EndGlobalSection
	GlobalSection(ExtensibilityGlobals) = postSolution
		SolutionGuid = {69C98EC7-6614-4FCA-A577-86CF3D7918FC}
	EndGlobalSection
EndGlobal
